
Microsoft Visual Studio Solution File, Format Version 12.00
# Visual Studio Version 17
VisualStudioVersion = 17.0.31903.59
MinimumVisualStudioVersion = 10.0.40219.1
Project("{2150E333-8FDC-42A3-9474-1A3956D46DE8}") = "src", "src", "{998DF7A1-E40C-4AEF-A569-71345CE4B970}"
EndProject
Project("{FAE04EC0-301F-11D3-BF4B-00C04F79EFBC}") = "WebApi", "src\WebApi\WebApi.csproj", "{FB22C21A-B657-463D-8490-8BC7DAD3C277}"
EndProject
Project("{FAE04EC0-301F-11D3-BF4B-00C04F79EFBC}") = "Infrastructure", "src\Infrastructure\Infrastructure.csproj", "{B84C4A3A-53C5-425F-A10E-3BFEC63B2713}"
EndProject
Project("{FAE04EC0-301F-11D3-BF4B-00C04F79EFBC}") = "Application", "src\Application\Application.csproj", "{C20AA8EE-7F33-4C28-BE81-F0210B3ABE07}"
EndProject
Project("{FAE04EC0-301F-11D3-BF4B-00C04F79EFBC}") = "Core", "src\Core\Core.csproj", "{A0D80AF7-9C48-4635-AF25-D80953D386B7}"
EndProject
Project("{FAE04EC0-301F-11D3-BF4B-00C04F79EFBC}") = "Domain", "src\Domain\Domain.csproj", "{29222258-E7EB-42BC-B5B9-45B4B5CF5DBE}"
EndProject
Global
	GlobalSection(SolutionConfigurationPlatforms) = preSolution
		Debug|Any CPU = Debug|Any CPU
		Release|Any CPU = Release|Any CPU
	EndGlobalSection
	GlobalSection(SolutionProperties) = preSolution
		HideSolutionNode = FALSE
	EndGlobalSection
	GlobalSection(ProjectConfigurationPlatforms) = postSolution
		{FB22C21A-B657-463D-8490-8BC7DAD3C277}.Debug|Any CPU.ActiveCfg = Debug|Any CPU
		{FB22C21A-B657-463D-8490-8BC7DAD3C277}.Debug|Any CPU.Build.0 = Debug|Any CPU
		{FB22C21A-B657-463D-8490-8BC7DAD3C277}.Release|Any CPU.ActiveCfg = Release|Any CPU
		{FB22C21A-B657-463D-8490-8BC7DAD3C277}.Release|Any CPU.Build.0 = Release|Any CPU
		{B84C4A3A-53C5-425F-A10E-3BFEC63B2713}.Debug|Any CPU.ActiveCfg = Debug|Any CPU
		{B84C4A3A-53C5-425F-A10E-3BFEC63B2713}.Debug|Any CPU.Build.0 = Debug|Any CPU
		{B84C4A3A-53C5-425F-A10E-3BFEC63B2713}.Release|Any CPU.ActiveCfg = Release|Any CPU
		{B84C4A3A-53C5-425F-A10E-3BFEC63B2713}.Release|Any CPU.Build.0 = Release|Any CPU
		{C20AA8EE-7F33-4C28-BE81-F0210B3ABE07}.Debug|Any CPU.ActiveCfg = Debug|Any CPU
		{C20AA8EE-7F33-4C28-BE81-F0210B3ABE07}.Debug|Any CPU.Build.0 = Debug|Any CPU
		{C20AA8EE-7F33-4C28-BE81-F0210B3ABE07}.Release|Any CPU.ActiveCfg = Release|Any CPU
		{C20AA8EE-7F33-4C28-BE81-F0210B3ABE07}.Release|Any CPU.Build.0 = Release|Any CPU
		{A0D80AF7-9C48-4635-AF25-D80953D386B7}.Debug|Any CPU.ActiveCfg = Debug|Any CPU
		{A0D80AF7-9C48-4635-AF25-D80953D386B7}.Debug|Any CPU.Build.0 = Debug|Any CPU
		{A0D80AF7-9C48-4635-AF25-D80953D386B7}.Release|Any CPU.ActiveCfg = Release|Any CPU
		{A0D80AF7-9C48-4635-AF25-D80953D386B7}.Release|Any CPU.Build.0 = Release|Any CPU
		{29222258-E7EB-42BC-B5B9-45B4B5CF5DBE}.Debug|Any CPU.ActiveCfg = Debug|Any CPU
		{29222258-E7EB-42BC-B5B9-45B4B5CF5DBE}.Debug|Any CPU.Build.0 = Debug|Any CPU
		{29222258-E7EB-42BC-B5B9-45B4B5CF5DBE}.Release|Any CPU.ActiveCfg = Release|Any CPU
		{29222258-E7EB-42BC-B5B9-45B4B5CF5DBE}.Release|Any CPU.Build.0 = Release|Any CPU
	EndGlobalSection
	GlobalSection(NestedProjects) = preSolution
		{FB22C21A-B657-463D-8490-8BC7DAD3C277} = {998DF7A1-E40C-4AEF-A569-71345CE4B970}
		{B84C4A3A-53C5-425F-A10E-3BFEC63B2713} = {998DF7A1-E40C-4AEF-A569-71345CE4B970}
		{C20AA8EE-7F33-4C28-BE81-F0210B3ABE07} = {998DF7A1-E40C-4AEF-A569-71345CE4B970}
		{A0D80AF7-9C48-4635-AF25-D80953D386B7} = {998DF7A1-E40C-4AEF-A569-71345CE4B970}
		{29222258-E7EB-42BC-B5B9-45B4B5CF5DBE} = {998DF7A1-E40C-4AEF-A569-71345CE4B970}
	EndGlobalSection
EndGlobal
